<?xml version="1.0" encoding="UTF-8" standalone="yes" ?>
<CodeBlocks_project_file>
	<FileVersion major="1" minor="6" />
	<Project>
		<Option title="eob3" />
		<Option pch_mode="2" />
		<Option compiler="gcc" />
		<Build>
			<Target title="Debug">
				<Option output="../bin/Debug/eob3" prefix_auto="1" extension_auto="1" />
				<Option working_dir="../bin/Debug/" />
				<Option object_output="../obj/Debug/" />
				<Option type="0" />
				<Option compiler="gcc" />
				<Compiler>
					<Add option="-g" />
				</Compiler>
			</Target>
			<Target title="Release">
				<Option output="../bin/Release/eob3" prefix_auto="1" extension_auto="1" />
				<Option object_output="../obj/Release/" />
				<Option type="1" />
				<Option compiler="gcc" />
				<Compiler>
					<Add option="-O2" />
				</Compiler>
				<Linker>
					<Add option="-s" />
				</Linker>
			</Target>
		</Build>
		<Compiler>
			<Add option="-Wall" />
		</Compiler>
		<Linker>
			<Add library="X11" />
		</Linker>
		<Unit filename="eob3/action.h" />
		<Unit filename="eob3/adat.h" />
		<Unit filename="eob3/answers.cpp" />
		<Unit filename="eob3/answers.h" />
		<Unit filename="eob3/appearance.cpp" />
		<Unit filename="eob3/assign.h" />
		<Unit filename="eob3/bin_border.cpp" />
		<Unit filename="eob3/bin_chargen.cpp" />
		<Unit filename="eob3/bin_chargenb.cpp" />
		<Unit filename="eob3/bin_font6.cpp" />
		<Unit filename="eob3/bin_font8.cpp" />
		<Unit filename="eob3/bin_invent.cpp" />
		<Unit filename="eob3/bin_itemgl.cpp" />
		<Unit filename="eob3/bin_itemgs.cpp" />
		<Unit filename="eob3/bin_items.cpp" />
		<Unit filename="eob3/bin_menu.cpp" />
		<Unit filename="eob3/bin_playfld.cpp" />
		<Unit filename="eob3/bin_portm.cpp" />
		<Unit filename="eob3/bin_scene.cpp" />
		<Unit filename="eob3/bin_xspl.cpp" />
		<Unit filename="eob3/bitmap.cpp" />
		<Unit filename="eob3/collection.cpp" />
		<Unit filename="eob3/collection.h" />
		<Unit filename="eob3/color.cpp" />
		<Unit filename="eob3/color.h" />
		<Unit filename="eob3/console.cpp" />
		<Unit filename="eob3/console.h" />
		<Unit filename="eob3/creature.cpp" />
		<Unit filename="eob3/creature.h" />
		<Unit filename="eob3/dice.cpp" />
		<Unit filename="eob3/dice.h" />
		<Unit filename="eob3/draw.cpp" />
		<Unit filename="eob3/draw.h" />
		<Unit filename="eob3/draw_text.cpp" />
		<Unit filename="eob3/dungeon.cpp" />
		<Unit filename="eob3/dungeon.h" />
		<Unit filename="eob3/dungeon_generate.cpp" />
		<Unit filename="eob3/game.cpp" />
		<Unit filename="eob3/game.h" />
		<Unit filename="eob3/game_action.cpp" />
		<Unit filename="eob3/game_city.cpp" />
		<Unit filename="eob3/game_generate.cpp" />
		<Unit filename="eob3/information.cpp" />
		<Unit filename="eob3/item.cpp" />
		<Unit filename="eob3/item.h" />
		<Unit filename="eob3/item_generate.cpp" />
		<Unit filename="eob3/locale_en.cpp" />
		<Unit filename="eob3/math.cpp" />
		<Unit filename="eob3/math.h" />
		<Unit filename="eob3/mid_music.cpp" />
		<Unit filename="eob3/midi.cpp" />
		<Unit filename="eob3/monster.cpp" />
		<Unit filename="eob3/nix_draw3x.cpp" />
		<Unit filename="eob3/nix_io_file.cpp" />
		<Unit filename="eob3/nix_time.cpp" />
		<Unit filename="eob3/npc.cpp" />
		<Unit filename="eob3/point.cpp" />
		<Unit filename="eob3/point.h" />
		<Unit filename="eob3/pointc.cpp" />
		<Unit filename="eob3/pointc.h" />
		<Unit filename="eob3/pointca.cpp" />
		<Unit filename="eob3/pointca.h" />
		<Unit filename="eob3/pushvalue.h" />
		<Unit filename="eob3/quest.cpp" />
		<Unit filename="eob3/quest.h" />
		<Unit filename="eob3/rand.h" />
		<Unit filename="eob3/rect.h" />
		<Unit filename="eob3/res.cpp" />
		<Unit filename="eob3/scale.cpp" />
		<Unit filename="eob3/shape.cpp" />
		<Unit filename="eob3/shape.h" />
		<Unit filename="eob3/slice.h" />
		<Unit filename="eob3/sound.h" />
		<Unit filename="eob3/stream.cpp" />
		<Unit filename="eob3/stream.h" />
		<Unit filename="eob3/stringbuilder.cpp" />
		<Unit filename="eob3/stringbuilder.h" />
		<Unit filename="eob3/stringvar.cpp" />
		<Unit filename="eob3/stringvar.h" />
		<Unit filename="eob3/timer.h" />
		<Unit filename="eob3/view_controls.cpp" />
		<Unit filename="eob3/view_debug.cpp" />
		<Unit filename="eob3/view_focus.cpp" />
		<Unit filename="eob3/view_focus.h" />
		<Extensions />
	</Project>
</CodeBlocks_project_file>
