<?xml version="1.0" encoding="UTF-8" standalone="yes" ?>
<CodeBlocks_project_file>
	<FileVersion major="1" minor="6" />
	<Project>
		<Option title="eob3" />
		<Option pch_mode="2" />
		<Option compiler="gcc" />
		<Build>
			<Target title="Debug">
				<Option output="../bin/Debug/eob3" prefix_auto="1" extension_auto="1" />
				<Option working_dir="../bin/Debug/" />
				<Option object_output="../obj/Debug/" />
				<Option type="0" />
				<Option compiler="gcc" />
				<Compiler>
					<Add option="-g" />
				</Compiler>
			</Target>
			<Target title="Release">
				<Option output="../bin/Release/eob3" prefix_auto="1" extension_auto="1" />
				<Option object_output="../obj/Release/" />
				<Option type="1" />
				<Option compiler="gcc" />
				<Compiler>
					<Add option="-O2" />
				</Compiler>
				<Linker>
					<Add option="-s" />
				</Linker>
			</Target>
		</Build>
		<Compiler>
			<Add option="-Wall" />
		</Compiler>
		<Linker>
			<Add library="X11" />
		</Linker>
		<Unit filename="action.h" />
		<Unit filename="adat.h" />
		<Unit filename="answers.cpp" />
		<Unit filename="answers.h" />
		<Unit filename="appearance.cpp" />
		<Unit filename="assign.h" />
		<Unit filename="bin_blue.cpp" />
		<Unit filename="bin_border.cpp" />
		<Unit filename="bin_brick.cpp" />
		<Unit filename="bin_chargen.cpp" />
		<Unit filename="bin_chargenb.cpp" />
		<Unit filename="bin_compass.cpp" />
		<Unit filename="bin_decors.cpp" />
		<Unit filename="bin_dung.cpp" />
		<Unit filename="bin_font6.cpp" />
		<Unit filename="bin_font8.cpp" />
		<Unit filename="bin_green.cpp" />
		<Unit filename="bin_invent.cpp" />
		<Unit filename="bin_itemgl.cpp" />
		<Unit filename="bin_itemgs.cpp" />
		<Unit filename="bin_items.cpp" />
		<Unit filename="bin_kobold.cpp" />
		<Unit filename="bin_leech.cpp" />
		<Unit filename="bin_menu.cpp" />
		<Unit filename="bin_overlays.cpp" />
		<Unit filename="bin_playfld.cpp" />
		<Unit filename="bin_portm.cpp" />
		<Unit filename="bin_scene.cpp" />
		<Unit filename="bin_thrown.cpp" />
		<Unit filename="bin_xspl.cpp" />
		<Unit filename="bitmap.cpp" />
		<Unit filename="collectiona.cpp" />
		<Unit filename="collectiona.h" />
		<Unit filename="color.cpp" />
		<Unit filename="color.h" />
		<Unit filename="console.cpp" />
		<Unit filename="console.h" />
		<Unit filename="creature.cpp" />
		<Unit filename="creature.h" />
		<Unit filename="dice.cpp" />
		<Unit filename="dice.h" />
		<Unit filename="draw.cpp" />
		<Unit filename="draw.h" />
		<Unit filename="draw_text.cpp" />
		<Unit filename="draw_textf.cpp" />
		<Unit filename="dungeon.cpp" />
		<Unit filename="dungeon.h" />
		<Unit filename="dungeon_generate.cpp" />
		<Unit filename="game.cpp" />
		<Unit filename="game.h" />
		<Unit filename="game_actions.cpp" />
		<Unit filename="game_carousing.cpp" />
		<Unit filename="game_combat.cpp" />
		<Unit filename="game_generate.cpp" />
		<Unit filename="game_talk.cpp" />
		<Unit filename="information.cpp" />
		<Unit filename="item.cpp" />
		<Unit filename="item.h" />
		<Unit filename="item_generate.cpp" />
		<Unit filename="locale_en.cpp" />
		<Unit filename="main.cpp" />
		<Unit filename="math.cpp" />
		<Unit filename="math.h" />
		<Unit filename="mid_music.cpp" />
		<Unit filename="midi.cpp" />
		<Unit filename="monster.cpp" />
		<Unit filename="nix_draw3x.cpp" />
		<Unit filename="nix_io_file.cpp" />
		<Unit filename="nix_time.cpp" />
		<Unit filename="npc.cpp" />
		<Unit filename="perference.cpp" />
		<Unit filename="perference.h" />
		<Unit filename="point.cpp" />
		<Unit filename="point.h" />
		<Unit filename="pointc.cpp" />
		<Unit filename="pointc.h" />
		<Unit filename="pointca.cpp" />
		<Unit filename="pointca.h" />
		<Unit filename="pushvalue.h" />
		<Unit filename="quest.cpp" />
		<Unit filename="quest.h" />
		<Unit filename="rand.h" />
		<Unit filename="rect.h" />
		<Unit filename="res.cpp" />
		<Unit filename="scale.cpp" />
		<Unit filename="screenshoot.cpp" />
		<Unit filename="screenshoot.h" />
		<Unit filename="shape.cpp" />
		<Unit filename="shape.h" />
		<Unit filename="slice.h" />
		<Unit filename="sound.h" />
		<Unit filename="spell.cpp" />
		<Unit filename="spell.h" />
		<Unit filename="spell_list.cpp" />
		<Unit filename="stream.cpp" />
		<Unit filename="stream.h" />
		<Unit filename="stringbuilder.cpp" />
		<Unit filename="stringbuilder.h" />
		<Unit filename="stringvar.cpp" />
		<Unit filename="stringvar.h" />
		<Unit filename="timer.h" />
		<Unit filename="view_automap.cpp" />
		<Unit filename="view_controls.cpp" />
		<Unit filename="view_debug.cpp" />
		<Unit filename="view_dungeon.cpp" />
		<Unit filename="view_focus.cpp" />
		<Unit filename="view_focus.h" />
		<Extensions />
	</Project>
</CodeBlocks_project_file>
